
Microsoft Visual Studio Solution File, Format Version 12.00
# Visual Studio Version 16
VisualStudioVersion = 16.0.31911.196
MinimumVisualStudioVersion = 10.0.40219.1
Project("{FAE04EC0-301F-11D3-BF4B-00C04F79EFBC}") = "prj-aspnet-angular", "prj-aspnet-angular\prj-aspnet-angular.csproj", "{31B6F48F-92B2-48AE-9998-F62AB0544224}"
EndProject
Global
	GlobalSection(SolutionConfigurationPlatforms) = preSolution
		Debug|Any CPU = Debug|Any CPU
		Release|Any CPU = Release|Any CPU
	EndGlobalSection
	GlobalSection(ProjectConfigurationPlatforms) = postSolution
		{31B6F48F-92B2-48AE-9998-F62AB0544224}.Debug|Any CPU.ActiveCfg = Debug|Any CPU
		{31B6F48F-92B2-48AE-9998-F62AB0544224}.Debug|Any CPU.Build.0 = Debug|Any CPU
		{31B6F48F-92B2-48AE-9998-F62AB0544224}.Release|Any CPU.ActiveCfg = Release|Any CPU
		{31B6F48F-92B2-48AE-9998-F62AB0544224}.Release|Any CPU.Build.0 = Release|Any CPU
	EndGlobalSection
	GlobalSection(SolutionProperties) = preSolution
		HideSolutionNode = FALSE
	EndGlobalSection
	GlobalSection(ExtensibilityGlobals) = postSolution
		SolutionGuid = {B9197FC9-76B7-4632-90C8-50A8CC944E95}
	EndGlobalSection
EndGlobal
